
Microsoft Visual Studio Solution File, Format Version 12.00
# Visual Studio Version 17
VisualStudioVersion = 17.5.002.0
MinimumVisualStudioVersion = 10.0.40219.1
Project("{2150E333-8FDC-42A3-9474-1A3956D46DE8}") = "CalendarBase", "CalendarBase", "{F2C49048-D0D3-447C-8557-26C44742F191}"
EndProject
Project("{9A19103F-16F7-4668-BE54-9A1E7A4F7556}") = "CalendarBase", "CalendarBase\Files\CalendarBase.csproj", "{E6DA4282-9DA0-4B4E-9063-9258E48DE8A7}"
EndProject
Project("{2150E333-8FDC-42A3-9474-1A3956D46DE8}") = "CrtBaseConsts", "CrtBaseConsts", "{DE2B1E13-AA17-447D-A2C3-BB428F0FE5D5}"
EndProject
Project("{9A19103F-16F7-4668-BE54-9A1E7A4F7556}") = "CrtBaseConsts", "CrtBaseConsts\Files\CrtBaseConsts.csproj", "{3F350FBE-9DF0-4A79-9EDA-DE1005CC1C7C}"
EndProject
Project("{2150E333-8FDC-42A3-9474-1A3956D46DE8}") = "CrtC360InUiV2", "CrtC360InUiV2", "{39B2F348-677F-47EC-9197-CB45D8442E55}"
EndProject
Project("{9A19103F-16F7-4668-BE54-9A1E7A4F7556}") = "CrtC360InUiV2", "CrtC360InUiV2\Files\CrtC360InUiV2.csproj", "{7D18B357-1848-4D61-846F-AEF455BBB880}"
EndProject
Project("{2150E333-8FDC-42A3-9474-1A3956D46DE8}") = "CrtCalendar", "CrtCalendar", "{CE6CC99B-AEC9-4540-B3DB-433000790758}"
EndProject
Project("{9A19103F-16F7-4668-BE54-9A1E7A4F7556}") = "CrtCalendar", "CrtCalendar\Files\CrtCalendar.csproj", "{16C11EEE-29B7-49F3-B1C9-911BBC0457A0}"
EndProject
Project("{2150E333-8FDC-42A3-9474-1A3956D46DE8}") = "CrtCall", "CrtCall", "{DD562541-2911-4214-837D-D6882C052ACB}"
EndProject
Project("{9A19103F-16F7-4668-BE54-9A1E7A4F7556}") = "CrtCall", "CrtCall\Files\CrtCall.csproj", "{808E2425-E136-43DC-857E-9EDEE52B3DC4}"
EndProject
Project("{2150E333-8FDC-42A3-9474-1A3956D46DE8}") = "CrtCopilot", "CrtCopilot", "{CE0F2971-5EFA-4A44-973D-24B17BD3A4BC}"
EndProject
Project("{9A19103F-16F7-4668-BE54-9A1E7A4F7556}") = "CrtCopilot", "CrtCopilot\Files\CrtCopilot.csproj", "{B2199BEB-B993-4A82-8727-BA8F9B5E05AF}"
EndProject
Project("{2150E333-8FDC-42A3-9474-1A3956D46DE8}") = "CrtCore", "CrtCore", "{E433A206-455E-4128-9B15-95AE1E4F79A8}"
EndProject
Project("{9A19103F-16F7-4668-BE54-9A1E7A4F7556}") = "CrtCore", "CrtCore\Files\CrtCore.csproj", "{47FBF2C9-7CCE-4AEE-83EE-962C0BB78F04}"
EndProject
Project("{2150E333-8FDC-42A3-9474-1A3956D46DE8}") = "CrtCoreBase", "CrtCoreBase", "{5DF16ABB-7751-46E9-B271-FFC7A2790089}"
EndProject
Project("{9A19103F-16F7-4668-BE54-9A1E7A4F7556}") = "CrtCoreBase", "CrtCoreBase\Files\CrtCoreBase.csproj", "{EDCBD388-60D3-497A-B6D4-4EEC300A725D}"
EndProject
Project("{2150E333-8FDC-42A3-9474-1A3956D46DE8}") = "CrtCustomer360App", "CrtCustomer360App", "{D5E06F5A-4975-4907-9217-DF0F520933C9}"
EndProject
Project("{9A19103F-16F7-4668-BE54-9A1E7A4F7556}") = "CrtCustomer360App", "CrtCustomer360App\Files\CrtCustomer360App.csproj", "{0291ADC5-26BB-4B56-BE0F-07362ED62093}"
EndProject
Project("{2150E333-8FDC-42A3-9474-1A3956D46DE8}") = "CrtCustomer360Mobile", "CrtCustomer360Mobile", "{D8F38F92-936E-4990-9385-729EAC326C0C}"
EndProject
Project("{9A19103F-16F7-4668-BE54-9A1E7A4F7556}") = "CrtCustomer360Mobile", "CrtCustomer360Mobile\Files\CrtCustomer360Mobile.csproj", "{6037F7BA-A409-43DF-B14E-B6B61BC3ACCA}"
EndProject
Project("{2150E333-8FDC-42A3-9474-1A3956D46DE8}") = "CrtEmailSender", "CrtEmailSender", "{3AD08871-09AC-4EE4-9B61-BBF7833D5F28}"
EndProject
Project("{9A19103F-16F7-4668-BE54-9A1E7A4F7556}") = "CrtEmailSender", "CrtEmailSender\Files\CrtEmailSender.csproj", "{D34D508B-C463-4E58-A0DA-D54BB5AF9C6B}"
EndProject
Project("{2150E333-8FDC-42A3-9474-1A3956D46DE8}") = "CrtEmailTemplate", "CrtEmailTemplate", "{82F13587-D6CC-4906-96D0-B1E675D5A267}"
EndProject
Project("{9A19103F-16F7-4668-BE54-9A1E7A4F7556}") = "CrtEmailTemplate", "CrtEmailTemplate\Files\CrtEmailTemplate.csproj", "{6E04BF82-DB52-4295-909B-F712C2A3DAEA}"
EndProject
Project("{2150E333-8FDC-42A3-9474-1A3956D46DE8}") = "CrtFeatureToggling", "CrtFeatureToggling", "{28269A7B-31EA-459B-B694-69FC8B956F7E}"
EndProject
Project("{9A19103F-16F7-4668-BE54-9A1E7A4F7556}") = "CrtFeatureToggling", "CrtFeatureToggling\Files\CrtFeatureToggling.csproj", "{CDB148B9-66B9-40CF-80DE-3747922DF41A}"
EndProject
Project("{2150E333-8FDC-42A3-9474-1A3956D46DE8}") = "CrtMacrosBase", "CrtMacrosBase", "{BD81B599-2116-413A-A49F-CD19D6EA6AE4}"
EndProject
Project("{9A19103F-16F7-4668-BE54-9A1E7A4F7556}") = "CrtMacrosBase", "CrtMacrosBase\Files\CrtMacrosBase.csproj", "{8E4672D9-1070-4DDF-879E-9676DAA95E03}"
EndProject
Project("{2150E333-8FDC-42A3-9474-1A3956D46DE8}") = "CrtMessage", "CrtMessage", "{6079F8E7-FC43-4554-BA69-2E00CB32B13B}"
EndProject
Project("{9A19103F-16F7-4668-BE54-9A1E7A4F7556}") = "CrtMessage", "CrtMessage\Files\CrtMessage.csproj", "{D14FA111-B2A9-4279-A3F2-26FF3D69D1F4}"
EndProject
Project("{2150E333-8FDC-42A3-9474-1A3956D46DE8}") = "CrtML", "CrtML", "{2F2B207B-FE2D-498C-8B5A-428AF8812AAE}"
EndProject
Project("{9A19103F-16F7-4668-BE54-9A1E7A4F7556}") = "CrtML", "CrtML\Files\CrtML.csproj", "{A68D37AB-1144-4EB0-B695-56AE929322D5}"
EndProject
Project("{2150E333-8FDC-42A3-9474-1A3956D46DE8}") = "CrtMLangContent", "CrtMLangContent", "{647E31C0-8B7C-44CC-AB08-F93FE65E9BA7}"
EndProject
Project("{9A19103F-16F7-4668-BE54-9A1E7A4F7556}") = "CrtMLangContent", "CrtMLangContent\Files\CrtMLangContent.csproj", "{07038B4B-4C0D-4E70-8FFD-B9FB0742A7A3}"
EndProject
Project("{2150E333-8FDC-42A3-9474-1A3956D46DE8}") = "CrtNextStep", "CrtNextStep", "{F18A9D85-0D88-4F03-A250-9CFCFD0DDFD5}"
EndProject
Project("{9A19103F-16F7-4668-BE54-9A1E7A4F7556}") = "CrtNextStep", "CrtNextStep\Files\CrtNextStep.csproj", "{4A029460-8689-47B9-B27C-2443BBCEDD1E}"
EndProject
Project("{2150E333-8FDC-42A3-9474-1A3956D46DE8}") = "CrtOmnichannelApp", "CrtOmnichannelApp", "{2065D52B-2464-4A68-891F-E3F4F6DF57B0}"
EndProject
Project("{9A19103F-16F7-4668-BE54-9A1E7A4F7556}") = "CrtOmnichannelApp", "CrtOmnichannelApp\Files\CrtOmnichannelApp.csproj", "{6AD766FB-5846-460A-8E53-7FC31F6B6D7D}"
EndProject
Project("{2150E333-8FDC-42A3-9474-1A3956D46DE8}") = "CrtProductivityApp", "CrtProductivityApp", "{1EC73350-B73A-4FD2-99A2-7BA5738FA539}"
EndProject
Project("{9A19103F-16F7-4668-BE54-9A1E7A4F7556}") = "CrtProductivityApp", "CrtProductivityApp\Files\CrtProductivityApp.csproj", "{E1BB0EF5-4450-47A4-953C-49817DC7385A}"
EndProject
Project("{2150E333-8FDC-42A3-9474-1A3956D46DE8}") = "CrtProductivityMobile", "CrtProductivityMobile", "{AB66EF6A-23B6-4317-92DF-40F5BD77CBEE}"
EndProject
Project("{9A19103F-16F7-4668-BE54-9A1E7A4F7556}") = "CrtProductivityMobile", "CrtProductivityMobile\Files\CrtProductivityMobile.csproj", "{9008A264-1A07-40FB-909F-70A89A729040}"
EndProject
Project("{2150E333-8FDC-42A3-9474-1A3956D46DE8}") = "CrtSecurity", "CrtSecurity", "{1F2CEE9C-65ED-474F-9536-5C95FAF36E39}"
EndProject
Project("{9A19103F-16F7-4668-BE54-9A1E7A4F7556}") = "CrtSecurity", "CrtSecurity\Files\CrtSecurity.csproj", "{45AA57B6-6FFA-4468-8BD0-4E96AB009650}"
EndProject
Project("{2150E333-8FDC-42A3-9474-1A3956D46DE8}") = "CrtSecurity7x", "CrtSecurity7x", "{2C9ADE90-55AE-4FAA-9851-FC9312478CE4}"
EndProject
Project("{9A19103F-16F7-4668-BE54-9A1E7A4F7556}") = "CrtSecurity7x", "CrtSecurity7x\Files\CrtSecurity7x.csproj", "{BCC03B2D-91D9-485A-9171-F4A2DF998C11}"
EndProject
Project("{2150E333-8FDC-42A3-9474-1A3956D46DE8}") = "CrtSmsIntegration", "CrtSmsIntegration", "{59389AD7-F942-4EFD-A7DE-907679A1038A}"
EndProject
Project("{9A19103F-16F7-4668-BE54-9A1E7A4F7556}") = "CrtSmsIntegration", "CrtSmsIntegration\Files\CrtSmsIntegration.csproj", "{C472F7E8-909F-41EE-919F-8981ACC062E0}"
EndProject
Project("{2150E333-8FDC-42A3-9474-1A3956D46DE8}") = "CrtSpecification", "CrtSpecification", "{F4D124E9-8116-4AC1-B200-2E27E2BFECFB}"
EndProject
Project("{9A19103F-16F7-4668-BE54-9A1E7A4F7556}") = "CrtSpecification", "CrtSpecification\Files\CrtSpecification.csproj", "{75EC2236-A8F6-42E0-ACE4-F3069C7893B7}"
EndProject
Project("{2150E333-8FDC-42A3-9474-1A3956D46DE8}") = "CrtTechnicalUsers", "CrtTechnicalUsers", "{89C65DCB-00F1-4779-866E-8534469AF11E}"
EndProject
Project("{9A19103F-16F7-4668-BE54-9A1E7A4F7556}") = "CrtTechnicalUsers", "CrtTechnicalUsers\Files\CrtTechnicalUsers.csproj", "{5118E747-FFB9-4F90-853E-136426EFD733}"
EndProject
Project("{2150E333-8FDC-42A3-9474-1A3956D46DE8}") = "CrtTouchPointBase", "CrtTouchPointBase", "{2FD38782-221C-4499-A1DC-B73F996D56FA}"
EndProject
Project("{9A19103F-16F7-4668-BE54-9A1E7A4F7556}") = "CrtTouchPointBase", "CrtTouchPointBase\Files\CrtTouchPointBase.csproj", "{48F1A117-CD08-48F5-9A31-495E7FDA627D}"
EndProject
Project("{2150E333-8FDC-42A3-9474-1A3956D46DE8}") = "CrtUIPlatform", "CrtUIPlatform", "{660ECBED-E5DD-4923-8D11-B8FC4E0CC059}"
EndProject
Project("{9A19103F-16F7-4668-BE54-9A1E7A4F7556}") = "CrtUIPlatform", "CrtUIPlatform\Files\CrtUIPlatform.csproj", "{BE9A8C19-3B23-4D87-AA79-115266824331}"
EndProject
Project("{2150E333-8FDC-42A3-9474-1A3956D46DE8}") = "CrtUIPlatform7x", "CrtUIPlatform7x", "{504808B8-9D41-4167-97AD-1E0BA7EB2FB7}"
EndProject
Project("{9A19103F-16F7-4668-BE54-9A1E7A4F7556}") = "CrtUIPlatform7x", "CrtUIPlatform7x\Files\CrtUIPlatform7x.csproj", "{C94A97CE-C6E4-4582-9C8F-E6CF2A525435}"
EndProject
Project("{2150E333-8FDC-42A3-9474-1A3956D46DE8}") = "CrtUISwitcher", "CrtUISwitcher", "{4CE40D31-1478-4FE5-95DD-1D70E95DF10C}"
EndProject
Project("{9A19103F-16F7-4668-BE54-9A1E7A4F7556}") = "CrtUISwitcher", "CrtUISwitcher\Files\CrtUISwitcher.csproj", "{0C864544-D8C6-4924-882F-0AF494847600}"
EndProject
Project("{2150E333-8FDC-42A3-9474-1A3956D46DE8}") = "CrtWebFormBase", "CrtWebFormBase", "{CFED7F64-48C6-4FF8-AA2D-CB7787421D29}"
EndProject
Project("{9A19103F-16F7-4668-BE54-9A1E7A4F7556}") = "CrtWebFormBase", "CrtWebFormBase\Files\CrtWebFormBase.csproj", "{7EBE0446-B9E6-4105-AD0A-8491978276EB}"
EndProject
Project("{2150E333-8FDC-42A3-9474-1A3956D46DE8}") = "CrtWebhookServiceBase", "CrtWebhookServiceBase", "{FCD6A02B-0F9F-4D8F-8195-26DEF3EBC614}"
EndProject
Project("{9A19103F-16F7-4668-BE54-9A1E7A4F7556}") = "CrtWebhookServiceBase", "CrtWebhookServiceBase\Files\CrtWebhookServiceBase.csproj", "{DFDA03C7-FA83-4F02-BB69-595A6AFFC6A2}"
EndProject
Project("{2150E333-8FDC-42A3-9474-1A3956D46DE8}") = "CSL_MaintenanceTools", "CSL_MaintenanceTools", "{43C44373-1554-40DF-947C-1A99F0922EF8}"
EndProject
Project("{9A19103F-16F7-4668-BE54-9A1E7A4F7556}") = "CSL_MaintenanceTools", "CSL_MaintenanceTools\Files\CSL_MaintenanceTools.csproj", "{84A6C613-B9A7-446F-AD14-EF456282191F}"
EndProject
Project("{2150E333-8FDC-42A3-9474-1A3956D46DE8}") = "CSP", "CSP", "{ACA59219-35EA-4668-BA9D-49E5AE5E35DE}"
EndProject
Project("{9A19103F-16F7-4668-BE54-9A1E7A4F7556}") = "CSP", "CSP\Files\CSP.csproj", "{59CF7E11-7E74-4D76-BBB8-E4417A52FB1E}"
EndProject
Project("{2150E333-8FDC-42A3-9474-1A3956D46DE8}") = "FeatureToggling", "FeatureToggling", "{F2667450-2FA9-4B96-B188-C6E74A387061}"
EndProject
Project("{9A19103F-16F7-4668-BE54-9A1E7A4F7556}") = "FeatureToggling", "FeatureToggling\Files\FeatureToggling.csproj", "{A6EDF0E3-E541-4AA5-9085-92129CE9345D}"
EndProject
Project("{2150E333-8FDC-42A3-9474-1A3956D46DE8}") = "Finesse", "Finesse", "{28ED7E87-4462-4145-A961-6E72884AA221}"
EndProject
Project("{9A19103F-16F7-4668-BE54-9A1E7A4F7556}") = "Finesse", "Finesse\Files\Finesse.csproj", "{4366CBD4-8E3F-44B3-B27F-1402EA3CE955}"
EndProject
Project("{2150E333-8FDC-42A3-9474-1A3956D46DE8}") = "MLProcessDesigner", "MLProcessDesigner", "{36ED693C-71D7-4D00-A1FA-47FDEC4D5856}"
EndProject
Project("{9A19103F-16F7-4668-BE54-9A1E7A4F7556}") = "MLProcessDesigner", "MLProcessDesigner\Files\MLProcessDesigner.csproj", "{5737F799-669D-4117-A138-B9F645DD1AC4}"
EndProject
Project("{2150E333-8FDC-42A3-9474-1A3956D46DE8}") = "OpenIdAuth", "OpenIdAuth", "{68129BDF-5AC5-4C24-926F-4594F96049D4}"
EndProject
Project("{9A19103F-16F7-4668-BE54-9A1E7A4F7556}") = "OpenIdAuth", "OpenIdAuth\Files\OpenIdAuth.csproj", "{09FC3C65-7853-4E78-A8F0-60E0D8AAC437}"
EndProject
Project("{2150E333-8FDC-42A3-9474-1A3956D46DE8}") = "SsoSettings", "SsoSettings", "{F00135C7-2A75-425A-AE06-9733F2330C2A}"
EndProject
Project("{9A19103F-16F7-4668-BE54-9A1E7A4F7556}") = "SsoSettings", "SsoSettings\Files\SsoSettings.csproj", "{6321EF6C-6FB0-4451-A27A-7C366FBFAEC1}"
EndProject
Project("{2150E333-8FDC-42A3-9474-1A3956D46DE8}") = "UsrRealty", "UsrRealty", "{1F88997F-BAA3-48C7-AFA4-09D5A19408B2}"
EndProject
Project("{9A19103F-16F7-4668-BE54-9A1E7A4F7556}") = "UsrRealty", "UsrRealty\Files\UsrRealty.csproj", "{BDE86114-E7D0-4F63-AFA9-B9D99564B83E}"
EndProject
Project("{2150E333-8FDC-42A3-9474-1A3956D46DE8}") = "XSSProtection", "XSSProtection", "{D076D74C-0311-4754-9018-17BED10724BB}"
EndProject
Project("{9A19103F-16F7-4668-BE54-9A1E7A4F7556}") = "XSSProtection", "XSSProtection\Files\XSSProtection.csproj", "{F1E28B46-0363-41A7-A411-7787977EB020}"
EndProject
Global
	GlobalSection(SolutionConfigurationPlatforms) = preSolution
		Debug|Any CPU = Debug|Any CPU
		Release|Any CPU = Release|Any CPU
	EndGlobalSection
	GlobalSection(ProjectConfigurationPlatforms) = postSolution
		{E6DA4282-9DA0-4B4E-9063-9258E48DE8A7}.Debug|Any CPU.ActiveCfg = Debug|Any CPU
		{E6DA4282-9DA0-4B4E-9063-9258E48DE8A7}.Debug|Any CPU.Build.0 = Debug|Any CPU
		{E6DA4282-9DA0-4B4E-9063-9258E48DE8A7}.Release|Any CPU.ActiveCfg = Release|Any CPU
		{E6DA4282-9DA0-4B4E-9063-9258E48DE8A7}.Release|Any CPU.Build.0 = Release|Any CPU
		{3F350FBE-9DF0-4A79-9EDA-DE1005CC1C7C}.Debug|Any CPU.ActiveCfg = Debug|Any CPU
		{3F350FBE-9DF0-4A79-9EDA-DE1005CC1C7C}.Debug|Any CPU.Build.0 = Debug|Any CPU
		{3F350FBE-9DF0-4A79-9EDA-DE1005CC1C7C}.Release|Any CPU.ActiveCfg = Release|Any CPU
		{3F350FBE-9DF0-4A79-9EDA-DE1005CC1C7C}.Release|Any CPU.Build.0 = Release|Any CPU
		{7D18B357-1848-4D61-846F-AEF455BBB880}.Debug|Any CPU.ActiveCfg = Debug|Any CPU
		{7D18B357-1848-4D61-846F-AEF455BBB880}.Debug|Any CPU.Build.0 = Debug|Any CPU
		{7D18B357-1848-4D61-846F-AEF455BBB880}.Release|Any CPU.ActiveCfg = Release|Any CPU
		{7D18B357-1848-4D61-846F-AEF455BBB880}.Release|Any CPU.Build.0 = Release|Any CPU
		{16C11EEE-29B7-49F3-B1C9-911BBC0457A0}.Debug|Any CPU.ActiveCfg = Debug|Any CPU
		{16C11EEE-29B7-49F3-B1C9-911BBC0457A0}.Debug|Any CPU.Build.0 = Debug|Any CPU
		{16C11EEE-29B7-49F3-B1C9-911BBC0457A0}.Release|Any CPU.ActiveCfg = Release|Any CPU
		{16C11EEE-29B7-49F3-B1C9-911BBC0457A0}.Release|Any CPU.Build.0 = Release|Any CPU
		{808E2425-E136-43DC-857E-9EDEE52B3DC4}.Debug|Any CPU.ActiveCfg = Debug|Any CPU
		{808E2425-E136-43DC-857E-9EDEE52B3DC4}.Debug|Any CPU.Build.0 = Debug|Any CPU
		{808E2425-E136-43DC-857E-9EDEE52B3DC4}.Release|Any CPU.ActiveCfg = Release|Any CPU
		{808E2425-E136-43DC-857E-9EDEE52B3DC4}.Release|Any CPU.Build.0 = Release|Any CPU
		{B2199BEB-B993-4A82-8727-BA8F9B5E05AF}.Debug|Any CPU.ActiveCfg = Debug|Any CPU
		{B2199BEB-B993-4A82-8727-BA8F9B5E05AF}.Debug|Any CPU.Build.0 = Debug|Any CPU
		{B2199BEB-B993-4A82-8727-BA8F9B5E05AF}.Release|Any CPU.ActiveCfg = Release|Any CPU
		{B2199BEB-B993-4A82-8727-BA8F9B5E05AF}.Release|Any CPU.Build.0 = Release|Any CPU
		{47FBF2C9-7CCE-4AEE-83EE-962C0BB78F04}.Debug|Any CPU.ActiveCfg = Debug|Any CPU
		{47FBF2C9-7CCE-4AEE-83EE-962C0BB78F04}.Debug|Any CPU.Build.0 = Debug|Any CPU
		{47FBF2C9-7CCE-4AEE-83EE-962C0BB78F04}.Release|Any CPU.ActiveCfg = Release|Any CPU
		{47FBF2C9-7CCE-4AEE-83EE-962C0BB78F04}.Release|Any CPU.Build.0 = Release|Any CPU
		{EDCBD388-60D3-497A-B6D4-4EEC300A725D}.Debug|Any CPU.ActiveCfg = Debug|Any CPU
		{EDCBD388-60D3-497A-B6D4-4EEC300A725D}.Debug|Any CPU.Build.0 = Debug|Any CPU
		{EDCBD388-60D3-497A-B6D4-4EEC300A725D}.Release|Any CPU.ActiveCfg = Release|Any CPU
		{EDCBD388-60D3-497A-B6D4-4EEC300A725D}.Release|Any CPU.Build.0 = Release|Any CPU
		{0291ADC5-26BB-4B56-BE0F-07362ED62093}.Debug|Any CPU.ActiveCfg = Debug|Any CPU
		{0291ADC5-26BB-4B56-BE0F-07362ED62093}.Debug|Any CPU.Build.0 = Debug|Any CPU
		{0291ADC5-26BB-4B56-BE0F-07362ED62093}.Release|Any CPU.ActiveCfg = Release|Any CPU
		{0291ADC5-26BB-4B56-BE0F-07362ED62093}.Release|Any CPU.Build.0 = Release|Any CPU
		{6037F7BA-A409-43DF-B14E-B6B61BC3ACCA}.Debug|Any CPU.ActiveCfg = Debug|Any CPU
		{6037F7BA-A409-43DF-B14E-B6B61BC3ACCA}.Debug|Any CPU.Build.0 = Debug|Any CPU
		{6037F7BA-A409-43DF-B14E-B6B61BC3ACCA}.Release|Any CPU.ActiveCfg = Release|Any CPU
		{6037F7BA-A409-43DF-B14E-B6B61BC3ACCA}.Release|Any CPU.Build.0 = Release|Any CPU
		{D34D508B-C463-4E58-A0DA-D54BB5AF9C6B}.Debug|Any CPU.ActiveCfg = Debug|Any CPU
		{D34D508B-C463-4E58-A0DA-D54BB5AF9C6B}.Debug|Any CPU.Build.0 = Debug|Any CPU
		{D34D508B-C463-4E58-A0DA-D54BB5AF9C6B}.Release|Any CPU.ActiveCfg = Release|Any CPU
		{D34D508B-C463-4E58-A0DA-D54BB5AF9C6B}.Release|Any CPU.Build.0 = Release|Any CPU
		{6E04BF82-DB52-4295-909B-F712C2A3DAEA}.Debug|Any CPU.ActiveCfg = Debug|Any CPU
		{6E04BF82-DB52-4295-909B-F712C2A3DAEA}.Debug|Any CPU.Build.0 = Debug|Any CPU
		{6E04BF82-DB52-4295-909B-F712C2A3DAEA}.Release|Any CPU.ActiveCfg = Release|Any CPU
		{6E04BF82-DB52-4295-909B-F712C2A3DAEA}.Release|Any CPU.Build.0 = Release|Any CPU
		{CDB148B9-66B9-40CF-80DE-3747922DF41A}.Debug|Any CPU.ActiveCfg = Debug|Any CPU
		{CDB148B9-66B9-40CF-80DE-3747922DF41A}.Debug|Any CPU.Build.0 = Debug|Any CPU
		{CDB148B9-66B9-40CF-80DE-3747922DF41A}.Release|Any CPU.ActiveCfg = Release|Any CPU
		{CDB148B9-66B9-40CF-80DE-3747922DF41A}.Release|Any CPU.Build.0 = Release|Any CPU
		{8E4672D9-1070-4DDF-879E-9676DAA95E03}.Debug|Any CPU.ActiveCfg = Debug|Any CPU
		{8E4672D9-1070-4DDF-879E-9676DAA95E03}.Debug|Any CPU.Build.0 = Debug|Any CPU
		{8E4672D9-1070-4DDF-879E-9676DAA95E03}.Release|Any CPU.ActiveCfg = Release|Any CPU
		{8E4672D9-1070-4DDF-879E-9676DAA95E03}.Release|Any CPU.Build.0 = Release|Any CPU
		{D14FA111-B2A9-4279-A3F2-26FF3D69D1F4}.Debug|Any CPU.ActiveCfg = Debug|Any CPU
		{D14FA111-B2A9-4279-A3F2-26FF3D69D1F4}.Debug|Any CPU.Build.0 = Debug|Any CPU
		{D14FA111-B2A9-4279-A3F2-26FF3D69D1F4}.Release|Any CPU.ActiveCfg = Release|Any CPU
		{D14FA111-B2A9-4279-A3F2-26FF3D69D1F4}.Release|Any CPU.Build.0 = Release|Any CPU
		{A68D37AB-1144-4EB0-B695-56AE929322D5}.Debug|Any CPU.ActiveCfg = Debug|Any CPU
		{A68D37AB-1144-4EB0-B695-56AE929322D5}.Debug|Any CPU.Build.0 = Debug|Any CPU
		{A68D37AB-1144-4EB0-B695-56AE929322D5}.Release|Any CPU.ActiveCfg = Release|Any CPU
		{A68D37AB-1144-4EB0-B695-56AE929322D5}.Release|Any CPU.Build.0 = Release|Any CPU
		{07038B4B-4C0D-4E70-8FFD-B9FB0742A7A3}.Debug|Any CPU.ActiveCfg = Debug|Any CPU
		{07038B4B-4C0D-4E70-8FFD-B9FB0742A7A3}.Debug|Any CPU.Build.0 = Debug|Any CPU
		{07038B4B-4C0D-4E70-8FFD-B9FB0742A7A3}.Release|Any CPU.ActiveCfg = Release|Any CPU
		{07038B4B-4C0D-4E70-8FFD-B9FB0742A7A3}.Release|Any CPU.Build.0 = Release|Any CPU
		{4A029460-8689-47B9-B27C-2443BBCEDD1E}.Debug|Any CPU.ActiveCfg = Debug|Any CPU
		{4A029460-8689-47B9-B27C-2443BBCEDD1E}.Debug|Any CPU.Build.0 = Debug|Any CPU
		{4A029460-8689-47B9-B27C-2443BBCEDD1E}.Release|Any CPU.ActiveCfg = Release|Any CPU
		{4A029460-8689-47B9-B27C-2443BBCEDD1E}.Release|Any CPU.Build.0 = Release|Any CPU
		{6AD766FB-5846-460A-8E53-7FC31F6B6D7D}.Debug|Any CPU.ActiveCfg = Debug|Any CPU
		{6AD766FB-5846-460A-8E53-7FC31F6B6D7D}.Debug|Any CPU.Build.0 = Debug|Any CPU
		{6AD766FB-5846-460A-8E53-7FC31F6B6D7D}.Release|Any CPU.ActiveCfg = Release|Any CPU
		{6AD766FB-5846-460A-8E53-7FC31F6B6D7D}.Release|Any CPU.Build.0 = Release|Any CPU
		{E1BB0EF5-4450-47A4-953C-49817DC7385A}.Debug|Any CPU.ActiveCfg = Debug|Any CPU
		{E1BB0EF5-4450-47A4-953C-49817DC7385A}.Debug|Any CPU.Build.0 = Debug|Any CPU
		{E1BB0EF5-4450-47A4-953C-49817DC7385A}.Release|Any CPU.ActiveCfg = Release|Any CPU
		{E1BB0EF5-4450-47A4-953C-49817DC7385A}.Release|Any CPU.Build.0 = Release|Any CPU
		{9008A264-1A07-40FB-909F-70A89A729040}.Debug|Any CPU.ActiveCfg = Debug|Any CPU
		{9008A264-1A07-40FB-909F-70A89A729040}.Debug|Any CPU.Build.0 = Debug|Any CPU
		{9008A264-1A07-40FB-909F-70A89A729040}.Release|Any CPU.ActiveCfg = Release|Any CPU
		{9008A264-1A07-40FB-909F-70A89A729040}.Release|Any CPU.Build.0 = Release|Any CPU
		{45AA57B6-6FFA-4468-8BD0-4E96AB009650}.Debug|Any CPU.ActiveCfg = Debug|Any CPU
		{45AA57B6-6FFA-4468-8BD0-4E96AB009650}.Debug|Any CPU.Build.0 = Debug|Any CPU
		{45AA57B6-6FFA-4468-8BD0-4E96AB009650}.Release|Any CPU.ActiveCfg = Release|Any CPU
		{45AA57B6-6FFA-4468-8BD0-4E96AB009650}.Release|Any CPU.Build.0 = Release|Any CPU
		{BCC03B2D-91D9-485A-9171-F4A2DF998C11}.Debug|Any CPU.ActiveCfg = Debug|Any CPU
		{BCC03B2D-91D9-485A-9171-F4A2DF998C11}.Debug|Any CPU.Build.0 = Debug|Any CPU
		{BCC03B2D-91D9-485A-9171-F4A2DF998C11}.Release|Any CPU.ActiveCfg = Release|Any CPU
		{BCC03B2D-91D9-485A-9171-F4A2DF998C11}.Release|Any CPU.Build.0 = Release|Any CPU
		{C472F7E8-909F-41EE-919F-8981ACC062E0}.Debug|Any CPU.ActiveCfg = Debug|Any CPU
		{C472F7E8-909F-41EE-919F-8981ACC062E0}.Debug|Any CPU.Build.0 = Debug|Any CPU
		{C472F7E8-909F-41EE-919F-8981ACC062E0}.Release|Any CPU.ActiveCfg = Release|Any CPU
		{C472F7E8-909F-41EE-919F-8981ACC062E0}.Release|Any CPU.Build.0 = Release|Any CPU
		{75EC2236-A8F6-42E0-ACE4-F3069C7893B7}.Debug|Any CPU.ActiveCfg = Debug|Any CPU
		{75EC2236-A8F6-42E0-ACE4-F3069C7893B7}.Debug|Any CPU.Build.0 = Debug|Any CPU
		{75EC2236-A8F6-42E0-ACE4-F3069C7893B7}.Release|Any CPU.ActiveCfg = Release|Any CPU
		{75EC2236-A8F6-42E0-ACE4-F3069C7893B7}.Release|Any CPU.Build.0 = Release|Any CPU
		{5118E747-FFB9-4F90-853E-136426EFD733}.Debug|Any CPU.ActiveCfg = Debug|Any CPU
		{5118E747-FFB9-4F90-853E-136426EFD733}.Debug|Any CPU.Build.0 = Debug|Any CPU
		{5118E747-FFB9-4F90-853E-136426EFD733}.Release|Any CPU.ActiveCfg = Release|Any CPU
		{5118E747-FFB9-4F90-853E-136426EFD733}.Release|Any CPU.Build.0 = Release|Any CPU
		{48F1A117-CD08-48F5-9A31-495E7FDA627D}.Debug|Any CPU.ActiveCfg = Debug|Any CPU
		{48F1A117-CD08-48F5-9A31-495E7FDA627D}.Debug|Any CPU.Build.0 = Debug|Any CPU
		{48F1A117-CD08-48F5-9A31-495E7FDA627D}.Release|Any CPU.ActiveCfg = Release|Any CPU
		{48F1A117-CD08-48F5-9A31-495E7FDA627D}.Release|Any CPU.Build.0 = Release|Any CPU
		{BE9A8C19-3B23-4D87-AA79-115266824331}.Debug|Any CPU.ActiveCfg = Debug|Any CPU
		{BE9A8C19-3B23-4D87-AA79-115266824331}.Debug|Any CPU.Build.0 = Debug|Any CPU
		{BE9A8C19-3B23-4D87-AA79-115266824331}.Release|Any CPU.ActiveCfg = Release|Any CPU
		{BE9A8C19-3B23-4D87-AA79-115266824331}.Release|Any CPU.Build.0 = Release|Any CPU
		{C94A97CE-C6E4-4582-9C8F-E6CF2A525435}.Debug|Any CPU.ActiveCfg = Debug|Any CPU
		{C94A97CE-C6E4-4582-9C8F-E6CF2A525435}.Debug|Any CPU.Build.0 = Debug|Any CPU
		{C94A97CE-C6E4-4582-9C8F-E6CF2A525435}.Release|Any CPU.ActiveCfg = Release|Any CPU
		{C94A97CE-C6E4-4582-9C8F-E6CF2A525435}.Release|Any CPU.Build.0 = Release|Any CPU
		{0C864544-D8C6-4924-882F-0AF494847600}.Debug|Any CPU.ActiveCfg = Debug|Any CPU
		{0C864544-D8C6-4924-882F-0AF494847600}.Debug|Any CPU.Build.0 = Debug|Any CPU
		{0C864544-D8C6-4924-882F-0AF494847600}.Release|Any CPU.ActiveCfg = Release|Any CPU
		{0C864544-D8C6-4924-882F-0AF494847600}.Release|Any CPU.Build.0 = Release|Any CPU
		{7EBE0446-B9E6-4105-AD0A-8491978276EB}.Debug|Any CPU.ActiveCfg = Debug|Any CPU
		{7EBE0446-B9E6-4105-AD0A-8491978276EB}.Debug|Any CPU.Build.0 = Debug|Any CPU
		{7EBE0446-B9E6-4105-AD0A-8491978276EB}.Release|Any CPU.ActiveCfg = Release|Any CPU
		{7EBE0446-B9E6-4105-AD0A-8491978276EB}.Release|Any CPU.Build.0 = Release|Any CPU
		{DFDA03C7-FA83-4F02-BB69-595A6AFFC6A2}.Debug|Any CPU.ActiveCfg = Debug|Any CPU
		{DFDA03C7-FA83-4F02-BB69-595A6AFFC6A2}.Debug|Any CPU.Build.0 = Debug|Any CPU
		{DFDA03C7-FA83-4F02-BB69-595A6AFFC6A2}.Release|Any CPU.ActiveCfg = Release|Any CPU
		{DFDA03C7-FA83-4F02-BB69-595A6AFFC6A2}.Release|Any CPU.Build.0 = Release|Any CPU
		{84A6C613-B9A7-446F-AD14-EF456282191F}.Debug|Any CPU.ActiveCfg = Debug|Any CPU
		{84A6C613-B9A7-446F-AD14-EF456282191F}.Debug|Any CPU.Build.0 = Debug|Any CPU
		{84A6C613-B9A7-446F-AD14-EF456282191F}.Release|Any CPU.ActiveCfg = Release|Any CPU
		{84A6C613-B9A7-446F-AD14-EF456282191F}.Release|Any CPU.Build.0 = Release|Any CPU
		{59CF7E11-7E74-4D76-BBB8-E4417A52FB1E}.Debug|Any CPU.ActiveCfg = Debug|Any CPU
		{59CF7E11-7E74-4D76-BBB8-E4417A52FB1E}.Debug|Any CPU.Build.0 = Debug|Any CPU
		{59CF7E11-7E74-4D76-BBB8-E4417A52FB1E}.Release|Any CPU.ActiveCfg = Release|Any CPU
		{59CF7E11-7E74-4D76-BBB8-E4417A52FB1E}.Release|Any CPU.Build.0 = Release|Any CPU
		{A6EDF0E3-E541-4AA5-9085-92129CE9345D}.Debug|Any CPU.ActiveCfg = Debug|Any CPU
		{A6EDF0E3-E541-4AA5-9085-92129CE9345D}.Debug|Any CPU.Build.0 = Debug|Any CPU
		{A6EDF0E3-E541-4AA5-9085-92129CE9345D}.Release|Any CPU.ActiveCfg = Release|Any CPU
		{A6EDF0E3-E541-4AA5-9085-92129CE9345D}.Release|Any CPU.Build.0 = Release|Any CPU
		{4366CBD4-8E3F-44B3-B27F-1402EA3CE955}.Debug|Any CPU.ActiveCfg = Debug|Any CPU
		{4366CBD4-8E3F-44B3-B27F-1402EA3CE955}.Debug|Any CPU.Build.0 = Debug|Any CPU
		{4366CBD4-8E3F-44B3-B27F-1402EA3CE955}.Release|Any CPU.ActiveCfg = Release|Any CPU
		{4366CBD4-8E3F-44B3-B27F-1402EA3CE955}.Release|Any CPU.Build.0 = Release|Any CPU
		{5737F799-669D-4117-A138-B9F645DD1AC4}.Debug|Any CPU.ActiveCfg = Debug|Any CPU
		{5737F799-669D-4117-A138-B9F645DD1AC4}.Debug|Any CPU.Build.0 = Debug|Any CPU
		{5737F799-669D-4117-A138-B9F645DD1AC4}.Release|Any CPU.ActiveCfg = Release|Any CPU
		{5737F799-669D-4117-A138-B9F645DD1AC4}.Release|Any CPU.Build.0 = Release|Any CPU
		{09FC3C65-7853-4E78-A8F0-60E0D8AAC437}.Debug|Any CPU.ActiveCfg = Debug|Any CPU
		{09FC3C65-7853-4E78-A8F0-60E0D8AAC437}.Debug|Any CPU.Build.0 = Debug|Any CPU
		{09FC3C65-7853-4E78-A8F0-60E0D8AAC437}.Release|Any CPU.ActiveCfg = Release|Any CPU
		{09FC3C65-7853-4E78-A8F0-60E0D8AAC437}.Release|Any CPU.Build.0 = Release|Any CPU
		{6321EF6C-6FB0-4451-A27A-7C366FBFAEC1}.Debug|Any CPU.ActiveCfg = Debug|Any CPU
		{6321EF6C-6FB0-4451-A27A-7C366FBFAEC1}.Debug|Any CPU.Build.0 = Debug|Any CPU
		{6321EF6C-6FB0-4451-A27A-7C366FBFAEC1}.Release|Any CPU.ActiveCfg = Release|Any CPU
		{6321EF6C-6FB0-4451-A27A-7C366FBFAEC1}.Release|Any CPU.Build.0 = Release|Any CPU
		{BDE86114-E7D0-4F63-AFA9-B9D99564B83E}.Debug|Any CPU.ActiveCfg = Debug|Any CPU
		{BDE86114-E7D0-4F63-AFA9-B9D99564B83E}.Debug|Any CPU.Build.0 = Debug|Any CPU
		{BDE86114-E7D0-4F63-AFA9-B9D99564B83E}.Release|Any CPU.ActiveCfg = Release|Any CPU
		{BDE86114-E7D0-4F63-AFA9-B9D99564B83E}.Release|Any CPU.Build.0 = Release|Any CPU
		{F1E28B46-0363-41A7-A411-7787977EB020}.Debug|Any CPU.ActiveCfg = Debug|Any CPU
		{F1E28B46-0363-41A7-A411-7787977EB020}.Debug|Any CPU.Build.0 = Debug|Any CPU
		{F1E28B46-0363-41A7-A411-7787977EB020}.Release|Any CPU.ActiveCfg = Release|Any CPU
		{F1E28B46-0363-41A7-A411-7787977EB020}.Release|Any CPU.Build.0 = Release|Any CPU
	EndGlobalSection
	GlobalSection(SolutionProperties) = preSolution
		HideSolutionNode = FALSE
	EndGlobalSection
	GlobalSection(NestedProjects) = preSolution
		{E6DA4282-9DA0-4B4E-9063-9258E48DE8A7} = {F2C49048-D0D3-447C-8557-26C44742F191}
		{3F350FBE-9DF0-4A79-9EDA-DE1005CC1C7C} = {DE2B1E13-AA17-447D-A2C3-BB428F0FE5D5}
		{7D18B357-1848-4D61-846F-AEF455BBB880} = {39B2F348-677F-47EC-9197-CB45D8442E55}
		{16C11EEE-29B7-49F3-B1C9-911BBC0457A0} = {CE6CC99B-AEC9-4540-B3DB-433000790758}
		{808E2425-E136-43DC-857E-9EDEE52B3DC4} = {DD562541-2911-4214-837D-D6882C052ACB}
		{B2199BEB-B993-4A82-8727-BA8F9B5E05AF} = {CE0F2971-5EFA-4A44-973D-24B17BD3A4BC}
		{47FBF2C9-7CCE-4AEE-83EE-962C0BB78F04} = {E433A206-455E-4128-9B15-95AE1E4F79A8}
		{EDCBD388-60D3-497A-B6D4-4EEC300A725D} = {5DF16ABB-7751-46E9-B271-FFC7A2790089}
		{0291ADC5-26BB-4B56-BE0F-07362ED62093} = {D5E06F5A-4975-4907-9217-DF0F520933C9}
		{6037F7BA-A409-43DF-B14E-B6B61BC3ACCA} = {D8F38F92-936E-4990-9385-729EAC326C0C}
		{D34D508B-C463-4E58-A0DA-D54BB5AF9C6B} = {3AD08871-09AC-4EE4-9B61-BBF7833D5F28}
		{6E04BF82-DB52-4295-909B-F712C2A3DAEA} = {82F13587-D6CC-4906-96D0-B1E675D5A267}
		{CDB148B9-66B9-40CF-80DE-3747922DF41A} = {28269A7B-31EA-459B-B694-69FC8B956F7E}
		{8E4672D9-1070-4DDF-879E-9676DAA95E03} = {BD81B599-2116-413A-A49F-CD19D6EA6AE4}
		{D14FA111-B2A9-4279-A3F2-26FF3D69D1F4} = {6079F8E7-FC43-4554-BA69-2E00CB32B13B}
		{A68D37AB-1144-4EB0-B695-56AE929322D5} = {2F2B207B-FE2D-498C-8B5A-428AF8812AAE}
		{07038B4B-4C0D-4E70-8FFD-B9FB0742A7A3} = {647E31C0-8B7C-44CC-AB08-F93FE65E9BA7}
		{4A029460-8689-47B9-B27C-2443BBCEDD1E} = {F18A9D85-0D88-4F03-A250-9CFCFD0DDFD5}
		{6AD766FB-5846-460A-8E53-7FC31F6B6D7D} = {2065D52B-2464-4A68-891F-E3F4F6DF57B0}
		{E1BB0EF5-4450-47A4-953C-49817DC7385A} = {1EC73350-B73A-4FD2-99A2-7BA5738FA539}
		{9008A264-1A07-40FB-909F-70A89A729040} = {AB66EF6A-23B6-4317-92DF-40F5BD77CBEE}
		{45AA57B6-6FFA-4468-8BD0-4E96AB009650} = {1F2CEE9C-65ED-474F-9536-5C95FAF36E39}
		{BCC03B2D-91D9-485A-9171-F4A2DF998C11} = {2C9ADE90-55AE-4FAA-9851-FC9312478CE4}
		{C472F7E8-909F-41EE-919F-8981ACC062E0} = {59389AD7-F942-4EFD-A7DE-907679A1038A}
		{75EC2236-A8F6-42E0-ACE4-F3069C7893B7} = {F4D124E9-8116-4AC1-B200-2E27E2BFECFB}
		{5118E747-FFB9-4F90-853E-136426EFD733} = {89C65DCB-00F1-4779-866E-8534469AF11E}
		{48F1A117-CD08-48F5-9A31-495E7FDA627D} = {2FD38782-221C-4499-A1DC-B73F996D56FA}
		{BE9A8C19-3B23-4D87-AA79-115266824331} = {660ECBED-E5DD-4923-8D11-B8FC4E0CC059}
		{C94A97CE-C6E4-4582-9C8F-E6CF2A525435} = {504808B8-9D41-4167-97AD-1E0BA7EB2FB7}
		{0C864544-D8C6-4924-882F-0AF494847600} = {4CE40D31-1478-4FE5-95DD-1D70E95DF10C}
		{7EBE0446-B9E6-4105-AD0A-8491978276EB} = {CFED7F64-48C6-4FF8-AA2D-CB7787421D29}
		{DFDA03C7-FA83-4F02-BB69-595A6AFFC6A2} = {FCD6A02B-0F9F-4D8F-8195-26DEF3EBC614}
		{84A6C613-B9A7-446F-AD14-EF456282191F} = {43C44373-1554-40DF-947C-1A99F0922EF8}
		{59CF7E11-7E74-4D76-BBB8-E4417A52FB1E} = {ACA59219-35EA-4668-BA9D-49E5AE5E35DE}
		{A6EDF0E3-E541-4AA5-9085-92129CE9345D} = {F2667450-2FA9-4B96-B188-C6E74A387061}
		{4366CBD4-8E3F-44B3-B27F-1402EA3CE955} = {28ED7E87-4462-4145-A961-6E72884AA221}
		{5737F799-669D-4117-A138-B9F645DD1AC4} = {36ED693C-71D7-4D00-A1FA-47FDEC4D5856}
		{09FC3C65-7853-4E78-A8F0-60E0D8AAC437} = {68129BDF-5AC5-4C24-926F-4594F96049D4}
		{6321EF6C-6FB0-4451-A27A-7C366FBFAEC1} = {F00135C7-2A75-425A-AE06-9733F2330C2A}
		{BDE86114-E7D0-4F63-AFA9-B9D99564B83E} = {1F88997F-BAA3-48C7-AFA4-09D5A19408B2}
		{F1E28B46-0363-41A7-A411-7787977EB020} = {D076D74C-0311-4754-9018-17BED10724BB}
	EndGlobalSection
	GlobalSection(ExtensibilityGlobals) = postSolution
		SolutionGuid = {6DCBBF3B-803A-429B-A290-F717900C3032}
	EndGlobalSection
EndGlobal
